
Microsoft Visual Studio Solution File, Format Version 12.00
# Visual Studio Version 17
VisualStudioVersion = 17.0.31903.59
MinimumVisualStudioVersion = 10.0.40219.1
Project("{2150E333-8FDC-42A3-9474-1A3956D46DE8}") = "src", "src", "{B6851977-E327-4E02-8115-C8CE253BB448}"
EndProject
Project("{FAE04EC0-301F-11D3-BF4B-00C04F79EFBC}") = "AbstractFactory.Domain", "src\AbstractFactory.Domain\AbstractFactory.Domain.csproj", "{D872D8F7-1C8A-4CB8-B411-1D6EA8867E7C}"
EndProject
Project("{FAE04EC0-301F-11D3-BF4B-00C04F79EFBC}") = "AbstractFactory.Application", "src\AbstractFactory.Application\AbstractFactory.Application.csproj", "{E4B26071-6B76-41BF-9D3F-D9B97BC85606}"
EndProject
Project("{FAE04EC0-301F-11D3-BF4B-00C04F79EFBC}") = "AbstractFactory.Infrastructure", "src\AbstractFactory.Infrastructure\AbstractFactory.Infrastructure.csproj", "{33549A1B-CFE6-49FE-AC4B-50A51BB6E2BA}"
EndProject
Project("{FAE04EC0-301F-11D3-BF4B-00C04F79EFBC}") = "AbstractFactory.API", "src\AbstractFactory.API\AbstractFactory.API.csproj", "{F7CFDD6C-C854-4DA9-8DCD-3BB9152F0D75}"
EndProject
Project("{2150E333-8FDC-42A3-9474-1A3956D46DE8}") = "tests", "tests", "{02EA681E-C7D8-13C7-8484-4AC65E1B71E8}"
EndProject
Project("{FAE04EC0-301F-11D3-BF4B-00C04F79EFBC}") = "AbstractFactory.Tests", "tests\AbstractFactory.Tests\AbstractFactory.Tests.csproj", "{B38F4088-05C7-5E9E-9497-ADF3B63E3D85}"
EndProject
Global
	GlobalSection(SolutionConfigurationPlatforms) = preSolution
		Debug|Any CPU = Debug|Any CPU
		Debug|x64 = Debug|x64
		Debug|x86 = Debug|x86
		Release|Any CPU = Release|Any CPU
		Release|x64 = Release|x64
		Release|x86 = Release|x86
	EndGlobalSection
	GlobalSection(ProjectConfigurationPlatforms) = postSolution
		{D872D8F7-1C8A-4CB8-B411-1D6EA8867E7C}.Debug|Any CPU.ActiveCfg = Debug|Any CPU
		{D872D8F7-1C8A-4CB8-B411-1D6EA8867E7C}.Debug|Any CPU.Build.0 = Debug|Any CPU
		{D872D8F7-1C8A-4CB8-B411-1D6EA8867E7C}.Debug|x64.ActiveCfg = Debug|Any CPU
		{D872D8F7-1C8A-4CB8-B411-1D6EA8867E7C}.Debug|x64.Build.0 = Debug|Any CPU
		{D872D8F7-1C8A-4CB8-B411-1D6EA8867E7C}.Debug|x86.ActiveCfg = Debug|Any CPU
		{D872D8F7-1C8A-4CB8-B411-1D6EA8867E7C}.Debug|x86.Build.0 = Debug|Any CPU
		{D872D8F7-1C8A-4CB8-B411-1D6EA8867E7C}.Release|Any CPU.ActiveCfg = Release|Any CPU
		{D872D8F7-1C8A-4CB8-B411-1D6EA8867E7C}.Release|Any CPU.Build.0 = Release|Any CPU
		{D872D8F7-1C8A-4CB8-B411-1D6EA8867E7C}.Release|x64.ActiveCfg = Release|Any CPU
		{D872D8F7-1C8A-4CB8-B411-1D6EA8867E7C}.Release|x64.Build.0 = Release|Any CPU
		{D872D8F7-1C8A-4CB8-B411-1D6EA8867E7C}.Release|x86.ActiveCfg = Release|Any CPU
		{D872D8F7-1C8A-4CB8-B411-1D6EA8867E7C}.Release|x86.Build.0 = Release|Any CPU
		{E4B26071-6B76-41BF-9D3F-D9B97BC85606}.Debug|Any CPU.ActiveCfg = Debug|Any CPU
		{E4B26071-6B76-41BF-9D3F-D9B97BC85606}.Debug|Any CPU.Build.0 = Debug|Any CPU
		{E4B26071-6B76-41BF-9D3F-D9B97BC85606}.Debug|x64.ActiveCfg = Debug|Any CPU
		{E4B26071-6B76-41BF-9D3F-D9B97BC85606}.Debug|x64.Build.0 = Debug|Any CPU
		{E4B26071-6B76-41BF-9D3F-D9B97BC85606}.Debug|x86.ActiveCfg = Debug|Any CPU
		{E4B26071-6B76-41BF-9D3F-D9B97BC85606}.Debug|x86.Build.0 = Debug|Any CPU
		{E4B26071-6B76-41BF-9D3F-D9B97BC85606}.Release|Any CPU.ActiveCfg = Release|Any CPU
		{E4B26071-6B76-41BF-9D3F-D9B97BC85606}.Release|Any CPU.Build.0 = Release|Any CPU
		{E4B26071-6B76-41BF-9D3F-D9B97BC85606}.Release|x64.ActiveCfg = Release|Any CPU
		{E4B26071-6B76-41BF-9D3F-D9B97BC85606}.Release|x64.Build.0 = Release|Any CPU
		{E4B26071-6B76-41BF-9D3F-D9B97BC85606}.Release|x86.ActiveCfg = Release|Any CPU
		{E4B26071-6B76-41BF-9D3F-D9B97BC85606}.Release|x86.Build.0 = Release|Any CPU
		{33549A1B-CFE6-49FE-AC4B-50A51BB6E2BA}.Debug|Any CPU.ActiveCfg = Debug|Any CPU
		{33549A1B-CFE6-49FE-AC4B-50A51BB6E2BA}.Debug|Any CPU.Build.0 = Debug|Any CPU
		{33549A1B-CFE6-49FE-AC4B-50A51BB6E2BA}.Debug|x64.ActiveCfg = Debug|Any CPU
		{33549A1B-CFE6-49FE-AC4B-50A51BB6E2BA}.Debug|x64.Build.0 = Debug|Any CPU
		{33549A1B-CFE6-49FE-AC4B-50A51BB6E2BA}.Debug|x86.ActiveCfg = Debug|Any CPU
		{33549A1B-CFE6-49FE-AC4B-50A51BB6E2BA}.Debug|x86.Build.0 = Debug|Any CPU
		{33549A1B-CFE6-49FE-AC4B-50A51BB6E2BA}.Release|Any CPU.ActiveCfg = Release|Any CPU
		{33549A1B-CFE6-49FE-AC4B-50A51BB6E2BA}.Release|Any CPU.Build.0 = Release|Any CPU
		{33549A1B-CFE6-49FE-AC4B-50A51BB6E2BA}.Release|x64.ActiveCfg = Release|Any CPU
		{33549A1B-CFE6-49FE-AC4B-50A51BB6E2BA}.Release|x64.Build.0 = Release|Any CPU
		{33549A1B-CFE6-49FE-AC4B-50A51BB6E2BA}.Release|x86.ActiveCfg = Release|Any CPU
		{33549A1B-CFE6-49FE-AC4B-50A51BB6E2BA}.Release|x86.Build.0 = Release|Any CPU
		{F7CFDD6C-C854-4DA9-8DCD-3BB9152F0D75}.Debug|Any CPU.ActiveCfg = Debug|Any CPU
		{F7CFDD6C-C854-4DA9-8DCD-3BB9152F0D75}.Debug|Any CPU.Build.0 = Debug|Any CPU
		{F7CFDD6C-C854-4DA9-8DCD-3BB9152F0D75}.Debug|x64.ActiveCfg = Debug|Any CPU
		{F7CFDD6C-C854-4DA9-8DCD-3BB9152F0D75}.Debug|x64.Build.0 = Debug|Any CPU
		{F7CFDD6C-C854-4DA9-8DCD-3BB9152F0D75}.Debug|x86.ActiveCfg = Debug|Any CPU
		{F7CFDD6C-C854-4DA9-8DCD-3BB9152F0D75}.Debug|x86.Build.0 = Debug|Any CPU
		{F7CFDD6C-C854-4DA9-8DCD-3BB9152F0D75}.Release|Any CPU.ActiveCfg = Release|Any CPU
		{F7CFDD6C-C854-4DA9-8DCD-3BB9152F0D75}.Release|Any CPU.Build.0 = Release|Any CPU
		{F7CFDD6C-C854-4DA9-8DCD-3BB9152F0D75}.Release|x64.ActiveCfg = Release|Any CPU
		{F7CFDD6C-C854-4DA9-8DCD-3BB9152F0D75}.Release|x64.Build.0 = Release|Any CPU
		{F7CFDD6C-C854-4DA9-8DCD-3BB9152F0D75}.Release|x86.ActiveCfg = Release|Any CPU
		{F7CFDD6C-C854-4DA9-8DCD-3BB9152F0D75}.Release|x86.Build.0 = Release|Any CPU
		{B38F4088-05C7-5E9E-9497-ADF3B63E3D85}.Debug|Any CPU.ActiveCfg = Debug|Any CPU
		{B38F4088-05C7-5E9E-9497-ADF3B63E3D85}.Debug|Any CPU.Build.0 = Debug|Any CPU
		{B38F4088-05C7-5E9E-9497-ADF3B63E3D85}.Debug|x64.ActiveCfg = Debug|Any CPU
		{B38F4088-05C7-5E9E-9497-ADF3B63E3D85}.Debug|x64.Build.0 = Debug|Any CPU
		{B38F4088-05C7-5E9E-9497-ADF3B63E3D85}.Debug|x86.ActiveCfg = Debug|Any CPU
		{B38F4088-05C7-5E9E-9497-ADF3B63E3D85}.Debug|x86.Build.0 = Debug|Any CPU
		{B38F4088-05C7-5E9E-9497-ADF3B63E3D85}.Release|Any CPU.ActiveCfg = Release|Any CPU
		{B38F4088-05C7-5E9E-9497-ADF3B63E3D85}.Release|Any CPU.Build.0 = Release|Any CPU
		{B38F4088-05C7-5E9E-9497-ADF3B63E3D85}.Release|x64.ActiveCfg = Release|Any CPU
		{B38F4088-05C7-5E9E-9497-ADF3B63E3D85}.Release|x64.Build.0 = Release|Any CPU
		{B38F4088-05C7-5E9E-9497-ADF3B63E3D85}.Release|x86.ActiveCfg = Release|Any CPU
		{B38F4088-05C7-5E9E-9497-ADF3B63E3D85}.Release|x86.Build.0 = Release|Any CPU
	EndGlobalSection
	GlobalSection(SolutionProperties) = preSolution
		HideSolutionNode = FALSE
	EndGlobalSection
	GlobalSection(NestedProjects) = preSolution
		{D872D8F7-1C8A-4CB8-B411-1D6EA8867E7C} = {B6851977-E327-4E02-8115-C8CE253BB448}
		{E4B26071-6B76-41BF-9D3F-D9B97BC85606} = {B6851977-E327-4E02-8115-C8CE253BB448}
		{33549A1B-CFE6-49FE-AC4B-50A51BB6E2BA} = {B6851977-E327-4E02-8115-C8CE253BB448}
		{F7CFDD6C-C854-4DA9-8DCD-3BB9152F0D75} = {B6851977-E327-4E02-8115-C8CE253BB448}
		{B38F4088-05C7-5E9E-9497-ADF3B63E3D85} = {02EA681E-C7D8-13C7-8484-4AC65E1B71E8}
	EndGlobalSection
EndGlobal
